{
  "name": "hathor-tokenbridge",
  "lockfileVersion": 3,
  "requires": true,
  "packages": {
    "": {
      "name": "hathor-tokenbridge",
      "dependencies": {
        "axios-curlirize": "^2.0.0"
      }
    },
    "node_modules/axios-curlirize": {
      "version": "2.0.0",
      "resolved": "https://registry.npmjs.org/axios-curlirize/-/axios-curlirize-2.0.0.tgz",
      "integrity": "sha512-TrQBa8MfIwaYsrCoYhfCr7NDRXLuGm+Rqh/PtAuO64b8PCCOJWn37BWQvpN4/mzzig3uHb4qXzvpxJmALHaiwA=="
    }
  }
}
